
Microsoft Visual Studio Solution File, Format Version 12.00
# Visual Studio Version 16
VisualStudioVersion = 16.0.29215.179
MinimumVisualStudioVersion = 10.0.40219.1
Project("{9A19103F-16F7-4668-BE54-9A1E7A4F7556}") = "DAL", "DAL\DAL.csproj", "{E7DC613B-16FC-426E-8BA8-4D7DC0D180EE}"
EndProject
Project("{FAE04EC0-301F-11D3-BF4B-00C04F79EFBC}") = "CM.Reports", "CM.Reports\CM.Reports.csproj", "{70BF58E5-020C-4660-BD55-811858C3FD01}"
EndProject
Global
	GlobalSection(SolutionConfigurationPlatforms) = preSolution
		Debug|Any CPU = Debug|Any CPU
		Release|Any CPU = Release|Any CPU
	EndGlobalSection
	GlobalSection(ProjectConfigurationPlatforms) = postSolution
		{E7DC613B-16FC-426E-8BA8-4D7DC0D180EE}.Debug|Any CPU.ActiveCfg = Debug|Any CPU
		{E7DC613B-16FC-426E-8BA8-4D7DC0D180EE}.Debug|Any CPU.Build.0 = Debug|Any CPU
		{E7DC613B-16FC-426E-8BA8-4D7DC0D180EE}.Release|Any CPU.ActiveCfg = Release|Any CPU
		{E7DC613B-16FC-426E-8BA8-4D7DC0D180EE}.Release|Any CPU.Build.0 = Release|Any CPU
		{70BF58E5-020C-4660-BD55-811858C3FD01}.Debug|Any CPU.ActiveCfg = Debug|Any CPU
		{70BF58E5-020C-4660-BD55-811858C3FD01}.Debug|Any CPU.Build.0 = Debug|Any CPU
		{70BF58E5-020C-4660-BD55-811858C3FD01}.Release|Any CPU.ActiveCfg = Release|Any CPU
		{70BF58E5-020C-4660-BD55-811858C3FD01}.Release|Any CPU.Build.0 = Release|Any CPU
	EndGlobalSection
	GlobalSection(SolutionProperties) = preSolution
		HideSolutionNode = FALSE
	EndGlobalSection
	GlobalSection(ExtensibilityGlobals) = postSolution
		SolutionGuid = {21EA6FC5-B083-4494-B56B-6EA2BDC9216E}
	EndGlobalSection
	GlobalSection(Performance) = preSolution
		HasPerformanceSessions = true
	EndGlobalSection
	GlobalSection(Performance) = preSolution
		HasPerformanceSessions = true
	EndGlobalSection
	GlobalSection(Performance) = preSolution
		HasPerformanceSessions = true
	EndGlobalSection
	GlobalSection(Performance) = preSolution
		HasPerformanceSessions = true
	EndGlobalSection
EndGlobal
